<?xml version="1.0" encoding="utf-8"?>
<Project ToolsVersion="4.0" xmlns="http://schemas.microsoft.com/developer/msbuild/2003">
  <ItemGroup>
    <Filter Include="Source Files">
      <UniqueIdentifier>{4FC737F1-C7A5-4376-A066-2A32D752A2FF}</UniqueIdentifier>
      <Extensions>cpp;c;cc;cxx;def;odl;idl;hpj;bat;asm;asmx</Extensions>
    </Filter>
    <Filter Include="Header Files">
      <UniqueIdentifier>{93995380-89BD-4b04-88EB-625FBE52EBFB}</UniqueIdentifier>
      <Extensions>h;hpp;hxx;hm;inl;inc;xsd</Extensions>
    </Filter>
    <Filter Include="Resource Files">
      <UniqueIdentifier>{67DA6AB6-F800-4c08-8B7A-83BB121AAD01}</UniqueIdentifier>
      <Extensions>rc;ico;cur;bmp;dlg;rc2;rct;bin;rgs;gif;jpg;jpeg;jpe;resx;tiff;tif;png;wav;mfcribbon-ms</Extensions>
    </Filter>
    <Filter Include="poly2tri">
      <UniqueIdentifier>{f245888f-eede-44e8-a79c-3352c0d3010d}</UniqueIdentifier>
    </Filter>
    <Filter Include="clipper">
      <UniqueIdentifier>{c102ed50-82ef-4510-885d-a61cca439780}</UniqueIdentifier>
    </Filter>
    <Filter Include="Header Files\kre">
      <UniqueIdentifier>{ae8c84d0-4df9-4a07-a460-e46d06f938b8}</UniqueIdentifier>
    </Filter>
    <Filter Include="Source Files\kre">
      <UniqueIdentifier>{d6a2bbd5-7b86-45ac-acb3-5fd4d91e91e4}</UniqueIdentifier>
    </Filter>
  </ItemGroup>
  <ItemGroup>
    <ClCompile Include="..\..\src\test\swiftly.cpp">
      <Filter>Source Files</Filter>
    </ClCompile>
    <ClCompile Include="..\..\src\test\wm.cpp">
      <Filter>Source Files</Filter>
    </ClCompile>
    <ClCompile Include="..\..\src\bit_reader.cpp">
      <Filter>Source Files</Filter>
    </ClCompile>
    <ClCompile Include="..\..\src\decompress.cpp">
      <Filter>Source Files</Filter>
    </ClCompile>
    <ClCompile Include="..\..\src\swf_reader.cpp">
      <Filter>Source Files</Filter>
    </ClCompile>
    <ClCompile Include="..\..\src\swf_font.cpp">
      <Filter>Source Files</Filter>
    </ClCompile>
    <ClCompile Include="..\..\src\swf_text.cpp">
      <Filter>Source Files</Filter>
    </ClCompile>
    <ClCompile Include="..\..\src\swf_button.cpp">
      <Filter>Source Files</Filter>
    </ClCompile>
    <ClCompile Include="..\..\src\swf_filter.cpp">
      <Filter>Source Files</Filter>
    </ClCompile>
    <ClCompile Include="..\..\src\swf_shape.cpp">
      <Filter>Source Files</Filter>
    </ClCompile>
    <ClCompile Include="..\..\src\poly2tri\common\shapes.cc">
      <Filter>poly2tri</Filter>
    </ClCompile>
    <ClCompile Include="..\..\src\poly2tri\sweep\advancing_front.cc">
      <Filter>poly2tri</Filter>
    </ClCompile>
    <ClCompile Include="..\..\src\poly2tri\sweep\cdt.cc">
      <Filter>poly2tri</Filter>
    </ClCompile>
    <ClCompile Include="..\..\src\poly2tri\sweep\sweep.cc">
      <Filter>poly2tri</Filter>
    </ClCompile>
    <ClCompile Include="..\..\src\poly2tri\sweep\sweep_context.cc">
      <Filter>poly2tri</Filter>
    </ClCompile>
    <ClCompile Include="..\..\src\clipper\clipper.cpp">
      <Filter>clipper</Filter>
    </ClCompile>
    <ClCompile Include="..\..\src\polygon.cpp">
      <Filter>Source Files</Filter>
    </ClCompile>
    <ClCompile Include="..\..\src\graphics.cpp">
      <Filter>Source Files</Filter>
    </ClCompile>
    <ClCompile Include="..\..\src\avm2.cpp">
      <Filter>Source Files</Filter>
    </ClCompile>
    <ClCompile Include="..\..\src\swf_environment.cpp">
      <Filter>Source Files</Filter>
    </ClCompile>
    <ClCompile Include="..\..\src\swf_movie.cpp">
      <Filter>Source Files</Filter>
    </ClCompile>
    <ClCompile Include="..\..\src\swf_player.cpp">
      <Filter>Source Files</Filter>
    </ClCompile>
    <ClCompile Include="..\..\src\swf_root.cpp">
      <Filter>Source Files</Filter>
    </ClCompile>
    <ClCompile Include="..\..\src\avm2_execute.cpp">
      <Filter>Source Files</Filter>
    </ClCompile>
    <ClCompile Include="..\..\src\swf_action.cpp">
      <Filter>Source Files</Filter>
    </ClCompile>
    <ClCompile Include="..\..\src\swf_sprite.cpp">
      <Filter>Source Files</Filter>
    </ClCompile>
    <ClCompile Include="..\..\src\swf_tags.cpp">
      <Filter>Source Files</Filter>
    </ClCompile>
    <ClCompile Include="..\..\src\swf_character.cpp">
      <Filter>Source Files</Filter>
    </ClCompile>
    <ClCompile Include="..\..\src\swf_command.cpp">
      <Filter>Source Files</Filter>
    </ClCompile>
    <ClCompile Include="..\..\src\swf_image.cpp">
      <Filter>Source Files</Filter>
    </ClCompile>
    <ClCompile Include="..\..\src\GLee.c">
      <Filter>Source Files</Filter>
    </ClCompile>
    <ClCompile Include="..\..\src\as_value.cpp">
      <Filter>Source Files</Filter>
    </ClCompile>
    <ClCompile Include="..\..\src\as_object.cpp">
      <Filter>Source Files</Filter>
    </ClCompile>
    <ClCompile Include="..\..\src\as_function.cpp">
      <Filter>Source Files</Filter>
    </ClCompile>
    <ClCompile Include="..\..\src\as_function_params.cpp">
      <Filter>Source Files</Filter>
    </ClCompile>
    <ClCompile Include="..\..\src\as_array.cpp">
      <Filter>Source Files</Filter>
    </ClCompile>
    <ClCompile Include="..\..\src\kre\AttributeSet.cpp">
      <Filter>Source Files\kre</Filter>
    </ClCompile>
    <ClCompile Include="..\..\src\kre\AttributeSetOGL.cpp">
      <Filter>Source Files\kre</Filter>
    </ClCompile>
    <ClCompile Include="..\..\src\kre\Blend.cpp">
      <Filter>Source Files\kre</Filter>
    </ClCompile>
    <ClCompile Include="..\..\src\kre\BlendOGL.cpp">
      <Filter>Source Files\kre</Filter>
    </ClCompile>
    <ClCompile Include="..\..\src\kre\Blittable.cpp">
      <Filter>Source Files\kre</Filter>
    </ClCompile>
    <ClCompile Include="..\..\src\kre\CameraObject.cpp">
      <Filter>Source Files\kre</Filter>
    </ClCompile>
    <ClCompile Include="..\..\src\kre\Canvas.cpp">
      <Filter>Source Files\kre</Filter>
    </ClCompile>
    <ClCompile Include="..\..\src\kre\CanvasOGL.cpp">
      <Filter>Source Files\kre</Filter>
    </ClCompile>
    <ClCompile Include="..\..\src\kre\ClipScope.cpp">
      <Filter>Source Files\kre</Filter>
    </ClCompile>
    <ClCompile Include="..\..\src\kre\ClipScopeOGL.cpp">
      <Filter>Source Files\kre</Filter>
    </ClCompile>
    <ClCompile Include="..\..\src\kre\Color.cpp">
      <Filter>Source Files\kre</Filter>
    </ClCompile>
    <ClCompile Include="..\..\src\kre\DisplayDevice.cpp">
      <Filter>Source Files\kre</Filter>
    </ClCompile>
    <ClCompile Include="..\..\src\kre\DisplayDeviceOpenGL.cpp">
      <Filter>Source Files\kre</Filter>
    </ClCompile>
    <ClCompile Include="..\..\src\kre\DisplayDeviceOpenGLFixed.cpp">
      <Filter>Source Files\kre</Filter>
    </ClCompile>
    <ClCompile Include="..\..\src\kre\DisplayDeviceSDL.cpp">
      <Filter>Source Files\kre</Filter>
    </ClCompile>
    <ClCompile Include="..\..\src\kre\EffectsOpenGL.cpp">
      <Filter>Source Files\kre</Filter>
    </ClCompile>
    <ClCompile Include="..\..\src\kre\FboOpenGL.cpp">
      <Filter>Source Files\kre</Filter>
    </ClCompile>
    <ClCompile Include="..\..\src\kre\filesystem.cpp">
      <Filter>Source Files\kre</Filter>
    </ClCompile>
    <ClCompile Include="..\..\src\kre\Font.cpp">
      <Filter>Source Files\kre</Filter>
    </ClCompile>
    <ClCompile Include="..\..\src\kre\FontSDL.cpp">
      <Filter>Source Files\kre</Filter>
    </ClCompile>
    <ClCompile Include="..\..\src\kre\Frustum.cpp">
      <Filter>Source Files\kre</Filter>
    </ClCompile>
    <ClCompile Include="..\..\src\kre\LightObject.cpp">
      <Filter>Source Files\kre</Filter>
    </ClCompile>
    <ClCompile Include="..\..\src\kre\Material.cpp">
      <Filter>Source Files\kre</Filter>
    </ClCompile>
    <ClCompile Include="..\..\src\kre\MaterialOpenGL.cpp">
      <Filter>Source Files\kre</Filter>
    </ClCompile>
    <ClCompile Include="..\..\src\kre\PaletteMap.cpp">
      <Filter>Source Files\kre</Filter>
    </ClCompile>
    <ClCompile Include="..\..\src\kre\PaletteMapOpenGL.cpp">
      <Filter>Source Files\kre</Filter>
    </ClCompile>
    <ClCompile Include="..\..\src\kre\ParticleSystem.cpp">
      <Filter>Source Files\kre</Filter>
    </ClCompile>
    <ClCompile Include="..\..\src\kre\ParticleSystemAffectors.cpp">
      <Filter>Source Files\kre</Filter>
    </ClCompile>
    <ClCompile Include="..\..\src\kre\ParticleSystemEmitters.cpp">
      <Filter>Source Files\kre</Filter>
    </ClCompile>
    <ClCompile Include="..\..\src\kre\ParticleSystemObservers.cpp">
      <Filter>Source Files\kre</Filter>
    </ClCompile>
    <ClCompile Include="..\..\src\kre\ParticleSystemParameters.cpp">
      <Filter>Source Files\kre</Filter>
    </ClCompile>
    <ClCompile Include="..\..\src\kre\Renderable.cpp">
      <Filter>Source Files\kre</Filter>
    </ClCompile>
    <ClCompile Include="..\..\src\kre\RenderManager.cpp">
      <Filter>Source Files\kre</Filter>
    </ClCompile>
    <ClCompile Include="..\..\src\kre\RenderQueue.cpp">
      <Filter>Source Files\kre</Filter>
    </ClCompile>
    <ClCompile Include="..\..\src\kre\RenderTarget.cpp">
      <Filter>Source Files\kre</Filter>
    </ClCompile>
    <ClCompile Include="..\..\src\kre\SceneGraph.cpp">
      <Filter>Source Files\kre</Filter>
    </ClCompile>
    <ClCompile Include="..\..\src\kre\SceneNode.cpp">
      <Filter>Source Files\kre</Filter>
    </ClCompile>
    <ClCompile Include="..\..\src\kre\SceneObject.cpp">
      <Filter>Source Files\kre</Filter>
    </ClCompile>
    <ClCompile Include="..\..\src\kre\SceneParameters.cpp">
      <Filter>Source Files\kre</Filter>
    </ClCompile>
    <ClCompile Include="..\..\src\kre\Scissor.cpp">
      <Filter>Source Files\kre</Filter>
    </ClCompile>
    <ClCompile Include="..\..\src\kre\ScissorOGL.cpp">
      <Filter>Source Files\kre</Filter>
    </ClCompile>
    <ClCompile Include="..\..\src\kre\Shaders.cpp">
      <Filter>Source Files\kre</Filter>
    </ClCompile>
    <ClCompile Include="..\..\src\kre\ShadersOpenGL.cpp">
      <Filter>Source Files\kre</Filter>
    </ClCompile>
    <ClCompile Include="..\..\src\kre\StencilScope.cpp">
      <Filter>Source Files\kre</Filter>
    </ClCompile>
    <ClCompile Include="..\..\src\kre\StencilScopeOGL.cpp">
      <Filter>Source Files\kre</Filter>
    </ClCompile>
    <ClCompile Include="..\..\src\kre\Surface.cpp">
      <Filter>Source Files\kre</Filter>
    </ClCompile>
    <ClCompile Include="..\..\src\kre\SurfaceSDL.cpp">
      <Filter>Source Files\kre</Filter>
    </ClCompile>
    <ClCompile Include="..\..\src\kre\Texture.cpp">
      <Filter>Source Files\kre</Filter>
    </ClCompile>
    <ClCompile Include="..\..\src\kre\TextureOpenGL.cpp">
      <Filter>Source Files\kre</Filter>
    </ClCompile>
    <ClCompile Include="..\..\src\kre\TextureSDL.cpp">
      <Filter>Source Files\kre</Filter>
    </ClCompile>
    <ClCompile Include="..\..\src\kre\UniformBuffer.cpp">
      <Filter>Source Files\kre</Filter>
    </ClCompile>
    <ClCompile Include="..\..\src\kre\UniformBufferOGL.cpp">
      <Filter>Source Files\kre</Filter>
    </ClCompile>
    <ClCompile Include="..\..\src\kre\VGraph.cpp">
      <Filter>Source Files\kre</Filter>
    </ClCompile>
    <ClCompile Include="..\..\src\kre\VGraphCairo.cpp">
      <Filter>Source Files\kre</Filter>
    </ClCompile>
    <ClCompile Include="..\..\src\kre\VGraphOpenGL.cpp">
      <Filter>Source Files\kre</Filter>
    </ClCompile>
    <ClCompile Include="..\..\src\kre\VGraphOpenGLFixed.cpp">
      <Filter>Source Files\kre</Filter>
    </ClCompile>
    <ClCompile Include="..\..\src\kre\WindowManager.cpp">
      <Filter>Source Files\kre</Filter>
    </ClCompile>
    <ClCompile Include="..\..\src\kre\variant.cpp">
      <Filter>Source Files\kre</Filter>
    </ClCompile>
    <ClCompile Include="..\..\src\kre\variant_utils.cpp">
      <Filter>Source Files\kre</Filter>
    </ClCompile>
  </ItemGroup>
  <ItemGroup>
    <ClInclude Include="..\..\src\test\sdl_wrapper.hpp">
      <Filter>Header Files</Filter>
    </ClInclude>
    <ClInclude Include="..\..\src\test\graphics.hpp">
      <Filter>Header Files</Filter>
    </ClInclude>
    <ClInclude Include="..\..\src\test\profile_timer.hpp">
      <Filter>Header Files</Filter>
    </ClInclude>
    <ClInclude Include="..\..\src\test\wm.hpp">
      <Filter>Header Files</Filter>
    </ClInclude>
    <ClInclude Include="..\..\src\bit_reader.hpp">
      <Filter>Header Files</Filter>
    </ClInclude>
    <ClInclude Include="..\..\src\decompress.hpp">
      <Filter>Header Files</Filter>
    </ClInclude>
    <ClInclude Include="..\..\src\asserts.hpp">
      <Filter>Header Files</Filter>
    </ClInclude>
    <ClInclude Include="..\..\src\swf_reader.hpp">
      <Filter>Header Files</Filter>
    </ClInclude>
    <ClInclude Include="..\..\src\swf_font.hpp">
      <Filter>Header Files</Filter>
    </ClInclude>
    <ClInclude Include="..\..\src\swf_text.hpp">
      <Filter>Header Files</Filter>
    </ClInclude>
    <ClInclude Include="..\..\src\swf_button.hpp">
      <Filter>Header Files</Filter>
    </ClInclude>
    <ClInclude Include="..\..\src\swf_filter.hpp">
      <Filter>Header Files</Filter>
    </ClInclude>
    <ClInclude Include="..\..\src\swf_shape.hpp">
      <Filter>Header Files</Filter>
    </ClInclude>
    <ClInclude Include="..\..\src\poly2tri\poly2tri.h">
      <Filter>poly2tri</Filter>
    </ClInclude>
    <ClInclude Include="..\..\src\poly2tri\common\shapes.h">
      <Filter>poly2tri</Filter>
    </ClInclude>
    <ClInclude Include="..\..\src\poly2tri\common\utils.h">
      <Filter>poly2tri</Filter>
    </ClInclude>
    <ClInclude Include="..\..\src\poly2tri\sweep\advancing_front.h">
      <Filter>poly2tri</Filter>
    </ClInclude>
    <ClInclude Include="..\..\src\poly2tri\sweep\cdt.h">
      <Filter>poly2tri</Filter>
    </ClInclude>
    <ClInclude Include="..\..\src\poly2tri\sweep\sweep.h">
      <Filter>poly2tri</Filter>
    </ClInclude>
    <ClInclude Include="..\..\src\poly2tri\sweep\sweep_context.h">
      <Filter>poly2tri</Filter>
    </ClInclude>
    <ClInclude Include="..\..\src\clipper\clipper.hpp">
      <Filter>clipper</Filter>
    </ClInclude>
    <ClInclude Include="..\..\src\polygon.hpp">
      <Filter>Header Files</Filter>
    </ClInclude>
    <ClInclude Include="..\..\src\graphics.hpp">
      <Filter>Header Files</Filter>
    </ClInclude>
    <ClInclude Include="..\..\src\avm2.hpp">
      <Filter>Header Files</Filter>
    </ClInclude>
    <ClInclude Include="..\..\src\avm2_instructions.hpp">
      <Filter>Header Files</Filter>
    </ClInclude>
    <ClInclude Include="..\..\src\avm2_reader.hpp">
      <Filter>Header Files</Filter>
    </ClInclude>
    <ClInclude Include="..\..\src\avm2_fwd.hpp">
      <Filter>Header Files</Filter>
    </ClInclude>
    <ClInclude Include="..\..\src\avm2_variant.hpp">
      <Filter>Header Files</Filter>
    </ClInclude>
    <ClInclude Include="..\..\src\swf_environment.hpp">
      <Filter>Header Files</Filter>
    </ClInclude>
    <ClInclude Include="..\..\src\swf_movie.hpp">
      <Filter>Header Files</Filter>
    </ClInclude>
    <ClInclude Include="..\..\src\swf_player.hpp">
      <Filter>Header Files</Filter>
    </ClInclude>
    <ClInclude Include="..\..\src\swf_root.hpp">
      <Filter>Header Files</Filter>
    </ClInclude>
    <ClInclude Include="..\..\src\swf_image.hpp">
      <Filter>Header Files</Filter>
    </ClInclude>
    <ClInclude Include="..\..\src\swf_action.hpp">
      <Filter>Header Files</Filter>
    </ClInclude>
    <ClInclude Include="..\..\src\swf_sprite.hpp">
      <Filter>Header Files</Filter>
    </ClInclude>
    <ClInclude Include="..\..\src\swf_tags.hpp">
      <Filter>Header Files</Filter>
    </ClInclude>
    <ClInclude Include="..\..\src\as_object.hpp">
      <Filter>Header Files</Filter>
    </ClInclude>
    <ClInclude Include="..\..\src\swf_fwd.hpp">
      <Filter>Header Files</Filter>
    </ClInclude>
    <ClInclude Include="..\..\src\swf_character.hpp">
      <Filter>Header Files</Filter>
    </ClInclude>
    <ClInclude Include="..\..\src\swf_command.hpp">
      <Filter>Header Files</Filter>
    </ClInclude>
    <ClInclude Include="..\..\src\swf_types.hpp">
      <Filter>Header Files</Filter>
    </ClInclude>
    <ClInclude Include="..\..\src\swf_params.hpp">
      <Filter>Header Files</Filter>
    </ClInclude>
    <ClInclude Include="..\..\src\as_value.hpp">
      <Filter>Header Files</Filter>
    </ClInclude>
    <ClInclude Include="..\..\src\as_function.hpp">
      <Filter>Header Files</Filter>
    </ClInclude>
    <ClInclude Include="..\..\src\as_hint.hpp">
      <Filter>Header Files</Filter>
    </ClInclude>
    <ClInclude Include="..\..\src\as_fwd.hpp">
      <Filter>Header Files</Filter>
    </ClInclude>
    <ClInclude Include="..\..\src\swf_code.hpp">
      <Filter>Header Files</Filter>
    </ClInclude>
    <ClInclude Include="..\..\src\as_function_params.hpp">
      <Filter>Header Files</Filter>
    </ClInclude>
    <ClInclude Include="..\..\src\as_array.hpp">
      <Filter>Header Files</Filter>
    </ClInclude>
    <ClInclude Include="..\..\src\kre\AttributeSet.hpp">
      <Filter>Header Files\kre</Filter>
    </ClInclude>
    <ClInclude Include="..\..\src\kre\AttributeSetOpenGL.hpp">
      <Filter>Header Files\kre</Filter>
    </ClInclude>
    <ClInclude Include="..\..\src\kre\Blend.hpp">
      <Filter>Header Files\kre</Filter>
    </ClInclude>
    <ClInclude Include="..\..\src\kre\BlendOGL.hpp">
      <Filter>Header Files\kre</Filter>
    </ClInclude>
    <ClInclude Include="..\..\src\kre\Blittable.hpp">
      <Filter>Header Files\kre</Filter>
    </ClInclude>
    <ClInclude Include="..\..\src\kre\CameraObject.hpp">
      <Filter>Header Files\kre</Filter>
    </ClInclude>
    <ClInclude Include="..\..\src\kre\Canvas.hpp">
      <Filter>Header Files\kre</Filter>
    </ClInclude>
    <ClInclude Include="..\..\src\kre\CanvasOGL.hpp">
      <Filter>Header Files\kre</Filter>
    </ClInclude>
    <ClInclude Include="..\..\src\kre\ClipScope.hpp">
      <Filter>Header Files\kre</Filter>
    </ClInclude>
    <ClInclude Include="..\..\src\kre\ClipScopeOGL.hpp">
      <Filter>Header Files\kre</Filter>
    </ClInclude>
    <ClInclude Include="..\..\src\kre\Color.hpp">
      <Filter>Header Files\kre</Filter>
    </ClInclude>
    <ClInclude Include="..\..\src\kre\DisplayDevice.hpp">
      <Filter>Header Files\kre</Filter>
    </ClInclude>
    <ClInclude Include="..\..\src\kre\DisplayDeviceFwd.hpp">
      <Filter>Header Files\kre</Filter>
    </ClInclude>
    <ClInclude Include="..\..\src\kre\DisplayDeviceOpenGL.hpp">
      <Filter>Header Files\kre</Filter>
    </ClInclude>
    <ClInclude Include="..\..\src\kre\DisplayDeviceOpenGLFixed.hpp">
      <Filter>Header Files\kre</Filter>
    </ClInclude>
    <ClInclude Include="..\..\src\kre\DisplayDeviceSDL.hpp">
      <Filter>Header Files\kre</Filter>
    </ClInclude>
    <ClInclude Include="..\..\src\kre\Effects.hpp">
      <Filter>Header Files\kre</Filter>
    </ClInclude>
    <ClInclude Include="..\..\src\kre\EffectsOpenGL.hpp">
      <Filter>Header Files\kre</Filter>
    </ClInclude>
    <ClInclude Include="..\..\src\kre\FboOpenGL.hpp">
      <Filter>Header Files\kre</Filter>
    </ClInclude>
    <ClInclude Include="..\..\src\kre\Font.hpp">
      <Filter>Header Files\kre</Filter>
    </ClInclude>
    <ClInclude Include="..\..\src\kre\FontSDL.hpp">
      <Filter>Header Files\kre</Filter>
    </ClInclude>
    <ClInclude Include="..\..\src\kre\Frustum.hpp">
      <Filter>Header Files\kre</Filter>
    </ClInclude>
    <ClInclude Include="..\..\src\kre\Geometry.hpp">
      <Filter>Header Files\kre</Filter>
    </ClInclude>
    <ClInclude Include="..\..\src\kre\LightObject.hpp">
      <Filter>Header Files\kre</Filter>
    </ClInclude>
    <ClInclude Include="..\..\src\kre\Material.hpp">
      <Filter>Header Files\kre</Filter>
    </ClInclude>
    <ClInclude Include="..\..\src\kre\MaterialOpenGL.hpp">
      <Filter>Header Files\kre</Filter>
    </ClInclude>
    <ClInclude Include="..\..\src\kre\PaletteMap.hpp">
      <Filter>Header Files\kre</Filter>
    </ClInclude>
    <ClInclude Include="..\..\src\kre\PaletteMapOpenGL.hpp">
      <Filter>Header Files\kre</Filter>
    </ClInclude>
    <ClInclude Include="..\..\src\kre\ParticleSystem.hpp">
      <Filter>Header Files\kre</Filter>
    </ClInclude>
    <ClInclude Include="..\..\src\kre\ParticleSystemAffectors.hpp">
      <Filter>Header Files\kre</Filter>
    </ClInclude>
    <ClInclude Include="..\..\src\kre\ParticleSystemEmitters.hpp">
      <Filter>Header Files\kre</Filter>
    </ClInclude>
    <ClInclude Include="..\..\src\kre\ParticleSystemFwd.hpp">
      <Filter>Header Files\kre</Filter>
    </ClInclude>
    <ClInclude Include="..\..\src\kre\ParticleSystemObservers.hpp">
      <Filter>Header Files\kre</Filter>
    </ClInclude>
    <ClInclude Include="..\..\src\kre\ParticleSystemParameters.hpp">
      <Filter>Header Files\kre</Filter>
    </ClInclude>
    <ClInclude Include="..\..\src\kre\PixelFormat.hpp">
      <Filter>Header Files\kre</Filter>
    </ClInclude>
    <ClInclude Include="..\..\src\kre\Renderable.hpp">
      <Filter>Header Files\kre</Filter>
    </ClInclude>
    <ClInclude Include="..\..\src\kre\RenderFwd.hpp">
      <Filter>Header Files\kre</Filter>
    </ClInclude>
    <ClInclude Include="..\..\src\kre\RenderManager.hpp">
      <Filter>Header Files\kre</Filter>
    </ClInclude>
    <ClInclude Include="..\..\src\kre\RenderQueue.hpp">
      <Filter>Header Files\kre</Filter>
    </ClInclude>
    <ClInclude Include="..\..\src\kre\RenderTarget.hpp">
      <Filter>Header Files\kre</Filter>
    </ClInclude>
    <ClInclude Include="..\..\src\kre\SceneFwd.hpp">
      <Filter>Header Files\kre</Filter>
    </ClInclude>
    <ClInclude Include="..\..\src\kre\SceneGraph.hpp">
      <Filter>Header Files\kre</Filter>
    </ClInclude>
    <ClInclude Include="..\..\src\kre\SceneNode.hpp">
      <Filter>Header Files\kre</Filter>
    </ClInclude>
    <ClInclude Include="..\..\src\kre\SceneObject.hpp">
      <Filter>Header Files\kre</Filter>
    </ClInclude>
    <ClInclude Include="..\..\src\kre\SceneParameters.hpp">
      <Filter>Header Files\kre</Filter>
    </ClInclude>
    <ClInclude Include="..\..\src\kre\SceneUtil.hpp">
      <Filter>Header Files\kre</Filter>
    </ClInclude>
    <ClInclude Include="..\..\src\kre\Scissor.hpp">
      <Filter>Header Files\kre</Filter>
    </ClInclude>
    <ClInclude Include="..\..\src\kre\ScissorOGL.hpp">
      <Filter>Header Files\kre</Filter>
    </ClInclude>
    <ClInclude Include="..\..\src\kre\SDLWrapper.hpp">
      <Filter>Header Files\kre</Filter>
    </ClInclude>
    <ClInclude Include="..\..\src\kre\Shaders.hpp">
      <Filter>Header Files\kre</Filter>
    </ClInclude>
    <ClInclude Include="..\..\src\kre\ShadersOpenGL.hpp">
      <Filter>Header Files\kre</Filter>
    </ClInclude>
    <ClInclude Include="..\..\src\kre\spline.hpp">
      <Filter>Header Files\kre</Filter>
    </ClInclude>
    <ClInclude Include="..\..\src\kre\StencilScope.hpp">
      <Filter>Header Files\kre</Filter>
    </ClInclude>
    <ClInclude Include="..\..\src\kre\StencilScopeOGL.hpp">
      <Filter>Header Files\kre</Filter>
    </ClInclude>
    <ClInclude Include="..\..\src\kre\StencilSettings.hpp">
      <Filter>Header Files\kre</Filter>
    </ClInclude>
    <ClInclude Include="..\..\src\kre\Surface.hpp">
      <Filter>Header Files\kre</Filter>
    </ClInclude>
    <ClInclude Include="..\..\src\kre\SurfaceSDL.hpp">
      <Filter>Header Files\kre</Filter>
    </ClInclude>
    <ClInclude Include="..\..\src\kre\Texture.hpp">
      <Filter>Header Files\kre</Filter>
    </ClInclude>
    <ClInclude Include="..\..\src\kre\TextureOpenGL.hpp">
      <Filter>Header Files\kre</Filter>
    </ClInclude>
    <ClInclude Include="..\..\src\kre\TextureSDL.hpp">
      <Filter>Header Files\kre</Filter>
    </ClInclude>
    <ClInclude Include="..\..\src\kre\TextureUtils.hpp">
      <Filter>Header Files\kre</Filter>
    </ClInclude>
    <ClInclude Include="..\..\src\kre\UniformBuffer.hpp">
      <Filter>Header Files\kre</Filter>
    </ClInclude>
    <ClInclude Include="..\..\src\kre\UniformBufferOGL.hpp">
      <Filter>Header Files\kre</Filter>
    </ClInclude>
    <ClInclude Include="..\..\src\kre\Util.hpp">
      <Filter>Header Files\kre</Filter>
    </ClInclude>
    <ClInclude Include="..\..\src\kre\VGraph.hpp">
      <Filter>Header Files\kre</Filter>
    </ClInclude>
    <ClInclude Include="..\..\src\kre\VGraphCairo.hpp">
      <Filter>Header Files\kre</Filter>
    </ClInclude>
    <ClInclude Include="..\..\src\kre\VGraphFwd.hpp">
      <Filter>Header Files\kre</Filter>
    </ClInclude>
    <ClInclude Include="..\..\src\kre\VGraphOpenGL.hpp">
      <Filter>Header Files\kre</Filter>
    </ClInclude>
    <ClInclude Include="..\..\src\kre\VGraphOpenGLFixed.hpp">
      <Filter>Header Files\kre</Filter>
    </ClInclude>
    <ClInclude Include="..\..\src\kre\VGraphPatterns.hpp">
      <Filter>Header Files\kre</Filter>
    </ClInclude>
    <ClInclude Include="..\..\src\kre\WindowManager.hpp">
      <Filter>Header Files\kre</Filter>
    </ClInclude>
    <ClInclude Include="..\..\src\kre\WindowManagerFwd.hpp">
      <Filter>Header Files\kre</Filter>
    </ClInclude>
    <ClInclude Include="..\..\src\kre\variant.hpp">
      <Filter>Header Files\kre</Filter>
    </ClInclude>
    <ClInclude Include="..\..\src\kre\variant_utils.hpp">
      <Filter>Header Files\kre</Filter>
    </ClInclude>
  </ItemGroup>
  <ItemGroup>
    <Library Include="zlib1.lib">
      <Filter>Source Files</Filter>
    </Library>
  </ItemGroup>
  <ItemGroup>
    <None Include="..\..\src\kre\Geometry.inl">
      <Filter>Header Files\kre</Filter>
    </None>
  </ItemGroup>
</Project>